
Microsoft Visual Studio Solution File, Format Version 12.00
# Visual Studio Version 16
VisualStudioVersion = 16.0.29613.14
MinimumVisualStudioVersion = 10.0.40219.1
Project("{8BC9CEB8-8B4A-11D0-8D11-00A0C91BC942}") = "DX11_1908", "DX11_1908\DX11_1908.vcxproj", "{A78D506A-E582-47F6-A5D0-6B72CEE1B477}"
EndProject
Project("{8BC9CEB8-8B4A-11D0-8D11-00A0C91BC942}") = "Framework", "Framework\Framework.vcxproj", "{1D29675B-823F-4287-88CD-85BDA7CD9030}"
EndProject
Project("{8BC9CEB8-8B4A-11D0-8D11-00A0C91BC942}") = "ImGui", "ImGui\ImGui.vcxproj", "{BAC42763-C2A9-44F3-ADFE-7CCE42CD1FFB}"
EndProject
Project("{8BC9CEB8-8B4A-11D0-8D11-00A0C91BC942}") = "DirectXTex", "DirectXTex\DirectXTex_Desktop_2019_Win10.vcxproj", "{A78A913D-E752-4E93-9422-530E10AE168B}"
EndProject
Global
	GlobalSection(SolutionConfigurationPlatforms) = preSolution
		Debug|ARM64 = Debug|ARM64
		Debug|x64 = Debug|x64
		Debug|x86 = Debug|x86
		Profile|ARM64 = Profile|ARM64
		Profile|x64 = Profile|x64
		Profile|x86 = Profile|x86
		Release|ARM64 = Release|ARM64
		Release|x64 = Release|x64
		Release|x86 = Release|x86
	EndGlobalSection
	GlobalSection(ProjectConfigurationPlatforms) = postSolution
		{A78D506A-E582-47F6-A5D0-6B72CEE1B477}.Debug|ARM64.ActiveCfg = Debug|Win32
		{A78D506A-E582-47F6-A5D0-6B72CEE1B477}.Debug|x64.ActiveCfg = Debug|x64
		{A78D506A-E582-47F6-A5D0-6B72CEE1B477}.Debug|x64.Build.0 = Debug|x64
		{A78D506A-E582-47F6-A5D0-6B72CEE1B477}.Debug|x86.ActiveCfg = Debug|Win32
		{A78D506A-E582-47F6-A5D0-6B72CEE1B477}.Debug|x86.Build.0 = Debug|Win32
		{A78D506A-E582-47F6-A5D0-6B72CEE1B477}.Profile|ARM64.ActiveCfg = Release|Win32
		{A78D506A-E582-47F6-A5D0-6B72CEE1B477}.Profile|ARM64.Build.0 = Release|Win32
		{A78D506A-E582-47F6-A5D0-6B72CEE1B477}.Profile|x64.ActiveCfg = Release|x64
		{A78D506A-E582-47F6-A5D0-6B72CEE1B477}.Profile|x64.Build.0 = Release|x64
		{A78D506A-E582-47F6-A5D0-6B72CEE1B477}.Profile|x86.ActiveCfg = Release|Win32
		{A78D506A-E582-47F6-A5D0-6B72CEE1B477}.Profile|x86.Build.0 = Release|Win32
		{A78D506A-E582-47F6-A5D0-6B72CEE1B477}.Release|ARM64.ActiveCfg = Release|Win32
		{A78D506A-E582-47F6-A5D0-6B72CEE1B477}.Release|x64.ActiveCfg = Release|x64
		{A78D506A-E582-47F6-A5D0-6B72CEE1B477}.Release|x64.Build.0 = Release|x64
		{A78D506A-E582-47F6-A5D0-6B72CEE1B477}.Release|x86.ActiveCfg = Release|Win32
		{A78D506A-E582-47F6-A5D0-6B72CEE1B477}.Release|x86.Build.0 = Release|Win32
		{1D29675B-823F-4287-88CD-85BDA7CD9030}.Debug|ARM64.ActiveCfg = Debug|Win32
		{1D29675B-823F-4287-88CD-85BDA7CD9030}.Debug|x64.ActiveCfg = Debug|x64
		{1D29675B-823F-4287-88CD-85BDA7CD9030}.Debug|x64.Build.0 = Debug|x64
		{1D29675B-823F-4287-88CD-85BDA7CD9030}.Debug|x86.ActiveCfg = Debug|Win32
		{1D29675B-823F-4287-88CD-85BDA7CD9030}.Debug|x86.Build.0 = Debug|Win32
		{1D29675B-823F-4287-88CD-85BDA7CD9030}.Profile|ARM64.ActiveCfg = Release|Win32
		{1D29675B-823F-4287-88CD-85BDA7CD9030}.Profile|ARM64.Build.0 = Release|Win32
		{1D29675B-823F-4287-88CD-85BDA7CD9030}.Profile|x64.ActiveCfg = Release|x64
		{1D29675B-823F-4287-88CD-85BDA7CD9030}.Profile|x64.Build.0 = Release|x64
		{1D29675B-823F-4287-88CD-85BDA7CD9030}.Profile|x86.ActiveCfg = Release|Win32
		{1D29675B-823F-4287-88CD-85BDA7CD9030}.Profile|x86.Build.0 = Release|Win32
		{1D29675B-823F-4287-88CD-85BDA7CD9030}.Release|ARM64.ActiveCfg = Release|Win32
		{1D29675B-823F-4287-88CD-85BDA7CD9030}.Release|x64.ActiveCfg = Release|x64
		{1D29675B-823F-4287-88CD-85BDA7CD9030}.Release|x64.Build.0 = Release|x64
		{1D29675B-823F-4287-88CD-85BDA7CD9030}.Release|x86.ActiveCfg = Release|Win32
		{1D29675B-823F-4287-88CD-85BDA7CD9030}.Release|x86.Build.0 = Release|Win32
		{BAC42763-C2A9-44F3-ADFE-7CCE42CD1FFB}.Debug|ARM64.ActiveCfg = Debug|Win32
		{BAC42763-C2A9-44F3-ADFE-7CCE42CD1FFB}.Debug|x64.ActiveCfg = Debug|x64
		{BAC42763-C2A9-44F3-ADFE-7CCE42CD1FFB}.Debug|x64.Build.0 = Debug|x64
		{BAC42763-C2A9-44F3-ADFE-7CCE42CD1FFB}.Debug|x86.ActiveCfg = Debug|Win32
		{BAC42763-C2A9-44F3-ADFE-7CCE42CD1FFB}.Debug|x86.Build.0 = Debug|Win32
		{BAC42763-C2A9-44F3-ADFE-7CCE42CD1FFB}.Profile|ARM64.ActiveCfg = Release|Win32
		{BAC42763-C2A9-44F3-ADFE-7CCE42CD1FFB}.Profile|ARM64.Build.0 = Release|Win32
		{BAC42763-C2A9-44F3-ADFE-7CCE42CD1FFB}.Profile|x64.ActiveCfg = Release|x64
		{BAC42763-C2A9-44F3-ADFE-7CCE42CD1FFB}.Profile|x64.Build.0 = Release|x64
		{BAC42763-C2A9-44F3-ADFE-7CCE42CD1FFB}.Profile|x86.ActiveCfg = Release|Win32
		{BAC42763-C2A9-44F3-ADFE-7CCE42CD1FFB}.Profile|x86.Build.0 = Release|Win32
		{BAC42763-C2A9-44F3-ADFE-7CCE42CD1FFB}.Release|ARM64.ActiveCfg = Release|Win32
		{BAC42763-C2A9-44F3-ADFE-7CCE42CD1FFB}.Release|x64.ActiveCfg = Release|x64
		{BAC42763-C2A9-44F3-ADFE-7CCE42CD1FFB}.Release|x64.Build.0 = Release|x64
		{BAC42763-C2A9-44F3-ADFE-7CCE42CD1FFB}.Release|x86.ActiveCfg = Release|Win32
		{BAC42763-C2A9-44F3-ADFE-7CCE42CD1FFB}.Release|x86.Build.0 = Release|Win32
		{A78A913D-E752-4E93-9422-530E10AE168B}.Debug|ARM64.ActiveCfg = Debug|ARM64
		{A78A913D-E752-4E93-9422-530E10AE168B}.Debug|ARM64.Build.0 = Debug|ARM64
		{A78A913D-E752-4E93-9422-530E10AE168B}.Debug|x64.ActiveCfg = Debug|x64
		{A78A913D-E752-4E93-9422-530E10AE168B}.Debug|x64.Build.0 = Debug|x64
		{A78A913D-E752-4E93-9422-530E10AE168B}.Debug|x86.ActiveCfg = Debug|Win32
		{A78A913D-E752-4E93-9422-530E10AE168B}.Debug|x86.Build.0 = Debug|Win32
		{A78A913D-E752-4E93-9422-530E10AE168B}.Profile|ARM64.ActiveCfg = Profile|ARM64
		{A78A913D-E752-4E93-9422-530E10AE168B}.Profile|ARM64.Build.0 = Profile|ARM64
		{A78A913D-E752-4E93-9422-530E10AE168B}.Profile|x64.ActiveCfg = Profile|x64
		{A78A913D-E752-4E93-9422-530E10AE168B}.Profile|x64.Build.0 = Profile|x64
		{A78A913D-E752-4E93-9422-530E10AE168B}.Profile|x86.ActiveCfg = Profile|Win32
		{A78A913D-E752-4E93-9422-530E10AE168B}.Profile|x86.Build.0 = Profile|Win32
		{A78A913D-E752-4E93-9422-530E10AE168B}.Release|ARM64.ActiveCfg = Release|ARM64
		{A78A913D-E752-4E93-9422-530E10AE168B}.Release|ARM64.Build.0 = Release|ARM64
		{A78A913D-E752-4E93-9422-530E10AE168B}.Release|x64.ActiveCfg = Release|x64
		{A78A913D-E752-4E93-9422-530E10AE168B}.Release|x64.Build.0 = Release|x64
		{A78A913D-E752-4E93-9422-530E10AE168B}.Release|x86.ActiveCfg = Release|Win32
		{A78A913D-E752-4E93-9422-530E10AE168B}.Release|x86.Build.0 = Release|Win32
	EndGlobalSection
	GlobalSection(SolutionProperties) = preSolution
		HideSolutionNode = FALSE
	EndGlobalSection
	GlobalSection(ExtensibilityGlobals) = postSolution
		SolutionGuid = {D28A9E24-3D7D-4320-B820-6794A4406E34}
	EndGlobalSection
EndGlobal
