<?xml version="1.0" encoding="utf-8"?>
<Project ToolsVersion="4.0" xmlns="http://schemas.microsoft.com/developer/msbuild/2003">
  <ItemGroup>
    <FxCompile Include="Shaders\Billboard.hlsl" />
    <FxCompile Include="Shaders\ByteAddress.hlsl" />
    <FxCompile Include="Shaders\Collider.hlsl" />
    <FxCompile Include="Shaders\CubeSky.hlsl" />
    <FxCompile Include="Shaders\Diffuse.hlsl" />
    <FxCompile Include="Shaders\GeometryBillboard.hlsl" />
    <FxCompile Include="Shaders\Grid.hlsl" />
    <FxCompile Include="Shaders\Instancing.hlsl" />
    <FxCompile Include="Shaders\Intersection.hlsl" />
    <FxCompile Include="Shaders\Lighting.hlsl" />
    <FxCompile Include="Shaders\Model.hlsl" />
    <FxCompile Include="Shaders\ModelAnimation.hlsl" />
    <FxCompile Include="Shaders\ModelAnimationInstancing.hlsl" />
    <FxCompile Include="Shaders\ModelInstancing.hlsl" />
    <FxCompile Include="Shaders\MRT.hlsl" />
    <FxCompile Include="Shaders\NormalMapping.hlsl" />
    <FxCompile Include="Shaders\RadialBlur.hlsl" />
    <FxCompile Include="Shaders\Rain.hlsl" />
    <FxCompile Include="Shaders\Render2D.hlsl" />
    <FxCompile Include="Shaders\ShadowDepth.hlsl" />
    <FxCompile Include="Shaders\Snow.hlsl" />
    <FxCompile Include="Shaders\Spark.hlsl" />
    <FxCompile Include="Shaders\Specular.hlsl" />
    <FxCompile Include="Shaders\Splatting.hlsl" />
    <FxCompile Include="Shaders\Terrain.hlsl" />
    <FxCompile Include="Shaders\TerrainBrush.hlsl" />
    <FxCompile Include="Shaders\Texture2D.hlsl" />
    <FxCompile Include="Shaders\Tutorial.hlsl" />
    <FxCompile Include="Shaders\EnvironmentMapping.hlsl" />
    <FxCompile Include="Shaders\ModelSingle.hlsl" />
    <FxCompile Include="Shaders\Reflection.hlsl" />
    <FxCompile Include="Shaders\Refraction.hlsl" />
    <FxCompile Include="Shaders\ScatteringTarget.hlsl" />
    <FxCompile Include="Shaders\Scattering.hlsl" />
    <FxCompile Include="Shaders\Water.hlsl" />
  </ItemGroup>
  <ItemGroup>
    <ClCompile Include="ADX11Resource\Model\Belle.cpp" />
    <ClCompile Include="ADX11Resource\Model\Player.cpp" />
    <ClCompile Include="ADX11Resource\Model\PlayerHead.cpp" />
    <ClCompile Include="ADX11Resource\Model\PlayerLHand.cpp" />
    <ClCompile Include="ADX11Resource\Object\DoorWall.cpp" />
    <ClCompile Include="ADX11Resource\Object\ObjectCreateManager.cpp" />
    <ClCompile Include="AStar\AStar.cpp" />
    <ClCompile Include="AStar\Heap.cpp" />
    <ClCompile Include="AStar\Node.cpp" />
    <ClCompile Include="Camera\Camera.cpp" />
    <ClCompile Include="Camera\FirstPersonView.cpp" />
    <ClCompile Include="Camera\FixityCam.cpp" />
    <ClCompile Include="Camera\FollowCam.cpp" />
    <ClCompile Include="Camera\FreeCam.cpp" />
    <ClCompile Include="DX11_1908.cpp" />
    <ClCompile Include="Environment\Environment.cpp" />
    <ClCompile Include="Environment\Frustum.cpp" />
    <ClCompile Include="Objects\Billboard.cpp" />
    <ClCompile Include="Objects\Landscape\CubeSky.cpp" />
    <ClCompile Include="Objects\Landscape\QuadTreeTerrain.cpp" />
    <ClCompile Include="Objects\Landscape\Scattering.cpp" />
    <ClCompile Include="Objects\Landscape\TerrainData.cpp" />
    <ClCompile Include="Objects\Landscape\TerrainEditor.cpp" />
    <ClCompile Include="Objects\Model\Kaya.cpp" />
    <ClCompile Include="Objects\Particle\Particle.cpp" />
    <ClCompile Include="Objects\Particle\Rain.cpp" />
    <ClCompile Include="Objects\Particle\Snow.cpp" />
    <ClCompile Include="Objects\Particle\Spark.cpp" />
    <ClCompile Include="Objects\Reflection.cpp" />
    <ClCompile Include="Objects\Refraction.cpp" />
    <ClCompile Include="Objects\Shadow.cpp" />
    <ClCompile Include="Objects\Sphere.cpp" />
    <ClCompile Include="Objects\Landscape\Terrain.cpp" />
    <ClCompile Include="Objects\UI\RadialBlur.cpp" />
    <ClCompile Include="Objects\UI\Render2D.cpp" />
    <ClCompile Include="Objects\Water.cpp" />
    <ClCompile Include="Program\Program.cpp" />
    <ClCompile Include="Framework.cpp" />
    <ClCompile Include="Scene\AStarScene.cpp" />
    <ClCompile Include="Scene\BillboardScene.cpp" />
    <ClCompile Include="Scene\CollisionScene.cpp" />
    <ClCompile Include="Scene\ComputeScene.cpp" />
    <ClCompile Include="Scene\FrustumScene.cpp" />
    <ClCompile Include="Scene\GridScene.cpp" />
    <ClCompile Include="Scene\InstancingModelScene.cpp" />
    <ClCompile Include="Scene\InstancingScene.cpp" />
    <ClCompile Include="Scene\LandscapeScene.cpp" />
    <ClCompile Include="Scene\LightScene.cpp" />
    <ClCompile Include="Scene\MapScene.cpp" />
    <ClCompile Include="Scene\ModelScene.cpp" />
    <ClCompile Include="Scene\ModelTestScene.cpp" />
    <ClCompile Include="Scene\ParticleScene.cpp" />
    <ClCompile Include="Scene\ReflectionScene.cpp" />
    <ClCompile Include="Scene\RenderTargetScene.cpp" />
    <ClCompile Include="Scene\ScatteringScene.cpp" />
    <ClCompile Include="Scene\SceneManager.cpp" />
    <ClCompile Include="Scene\ShadowScene.cpp" />
    <ClCompile Include="Scene\StartScene.cpp" />
    <ClCompile Include="Scene\TutorialScene.cpp" />
    <ClCompile Include="Scene\WaterScene.cpp" />
    <ClCompile Include="Button\Button.cpp" />
    <ClCompile Include="Button\StartButton.cpp" />
    <ClCompile Include="Button\EndButton.cpp" />
  </ItemGroup>
  <ItemGroup>
    <ClInclude Include="ADX11Resource\Model\Belle.h" />
    <ClInclude Include="ADX11Resource\Model\Player.h" />
    <ClInclude Include="ADX11Resource\Model\PlayerHead.h" />
    <ClInclude Include="ADX11Resource\Model\PlayerLHand.h" />
    <ClInclude Include="ADX11Resource\Object\DoorWall.h" />
    <ClInclude Include="ADX11Resource\Object\ObjectCreateManager.h" />
    <ClInclude Include="AStar\AStar.h" />
    <ClInclude Include="AStar\Heap.h" />
    <ClInclude Include="AStar\Node.h" />
    <ClInclude Include="Camera\Camera.h" />
    <ClInclude Include="Camera\FirstPersonView.h" />
    <ClInclude Include="Camera\FixityCam.h" />
    <ClInclude Include="Camera\FollowCam.h" />
    <ClInclude Include="Camera\FreeCam.h" />
    <ClInclude Include="DX11_1908.h" />
    <ClInclude Include="Environment\Environment.h" />
    <ClInclude Include="Environment\Frustum.h" />
    <ClInclude Include="Framework.h" />
    <ClInclude Include="Objects\Billboard.h" />
    <ClInclude Include="Objects\Landscape\CubeSky.h" />
    <ClInclude Include="Objects\Landscape\QuadTreeTerrain.h" />
    <ClInclude Include="Objects\Landscape\Scattering.h" />
    <ClInclude Include="Objects\Landscape\TerrainData.h" />
    <ClInclude Include="Objects\Landscape\TerrainEditor.h" />
    <ClInclude Include="Objects\Model\Kaya.h" />
    <ClInclude Include="Objects\Particle\Particle.h" />
    <ClInclude Include="Objects\Particle\Rain.h" />
    <ClInclude Include="Objects\Particle\Snow.h" />
    <ClInclude Include="Objects\Particle\Spark.h" />
    <ClInclude Include="Objects\Reflection.h" />
    <ClInclude Include="Objects\Refraction.h" />
    <ClInclude Include="Objects\Shadow.h" />
    <ClInclude Include="Objects\Sphere.h" />
    <ClInclude Include="Objects\Landscape\Terrain.h" />
    <ClInclude Include="Objects\UI\RadialBlur.h" />
    <ClInclude Include="Objects\UI\Render2D.h" />
    <ClInclude Include="Objects\Water.h" />
    <ClInclude Include="Program\Program.h" />
    <ClInclude Include="Resource.h" />
    <ClInclude Include="Scene\AStarScene.h" />
    <ClInclude Include="Scene\BillboardScene.h" />
    <ClInclude Include="Scene\CollisionScene.h" />
    <ClInclude Include="Scene\ComputeScene.h" />
    <ClInclude Include="Scene\FrustumScene.h" />
    <ClInclude Include="Scene\GridScene.h" />
    <ClInclude Include="Scene\InstancingModelScene.h" />
    <ClInclude Include="Scene\InstancingScene.h" />
    <ClInclude Include="Scene\LandscapeScene.h" />
    <ClInclude Include="Scene\LightScene.h" />
    <ClInclude Include="Scene\MapScene.h" />
    <ClInclude Include="Scene\ModelScene.h" />
    <ClInclude Include="Scene\ModelTestScene.h" />
    <ClInclude Include="Scene\ParticleScene.h" />
    <ClInclude Include="Scene\ReflectionScene.h" />
    <ClInclude Include="Scene\RenderTargetScene.h" />
    <ClInclude Include="Scene\ScatteringScene.h" />
    <ClInclude Include="Scene\Scene.h" />
    <ClInclude Include="Scene\SceneManager.h" />
    <ClInclude Include="Scene\ShadowScene.h" />
    <ClInclude Include="Scene\StartScene.h" />
    <ClInclude Include="Scene\TutorialScene.h" />
    <ClInclude Include="Scene\WaterScene.h" />
    <ClInclude Include="targetver.h" />
    <ClInclude Include="Button\Button.h" />
    <ClInclude Include="Button\StartButton.h" />
    <ClInclude Include="Button\EndButton.h" />
  </ItemGroup>
  <ItemGroup>
    <ResourceCompile Include="DX11_1908.rc" />
  </ItemGroup>
  <ItemGroup>
    <Image Include="DX11_1908.ico" />
    <Image Include="small.ico" />
  </ItemGroup>
  <ItemGroup>
    <None Include="packages.config" />
    <None Include="Shaders\Header.hlsli" />
    <None Include="Shaders\Render.hlsli" />
  </ItemGroup>
</Project>